// !$*UTF8*$!
{
	archiveVersion = 1;
	classes = {
	};
	objectVersion = 56;
	objects = {

/* Begin PBXBuildFile section */
		39620CF928EF93D600DE47B9 /* AppDelegate.swift in Sources */ = {isa = PBXBuildFile; fileRef = 39620CF828EF93D600DE47B9 /* AppDelegate.swift */; };
		39620CFB28EF93D600DE47B9 /* SceneDelegate.swift in Sources */ = {isa = PBXBuildFile; fileRef = 39620CFA28EF93D600DE47B9 /* SceneDelegate.swift */; };
		39620CFD28EF93D600DE47B9 /* ViewController.swift in Sources */ = {isa = PBXBuildFile; fileRef = 39620CFC28EF93D600DE47B9 /* ViewController.swift */; };
		39620D0028EF93D600DE47B9 /* Main.storyboard in Resources */ = {isa = PBXBuildFile; fileRef = 39620CFE28EF93D600DE47B9 /* Main.storyboard */; };
		39620D0228EF93DA00DE47B9 /* Assets.xcassets in Resources */ = {isa = PBXBuildFile; fileRef = 39620D0128EF93DA00DE47B9 /* Assets.xcassets */; };
		39620D0528EF93DA00DE47B9 /* LaunchScreen.storyboard in Resources */ = {isa = PBXBuildFile; fileRef = 39620D0328EF93DA00DE47B9 /* LaunchScreen.storyboard */; };
		39620D1028EF93DA00DE47B9 /* GitPracTests.swift in Sources */ = {isa = PBXBuildFile; fileRef = 39620D0F28EF93DA00DE47B9 /* GitPracTests.swift */; };
		39620D1A28EF93DA00DE47B9 /* GitPracUITests.swift in Sources */ = {isa = PBXBuildFile; fileRef = 39620D1928EF93DA00DE47B9 /* GitPracUITests.swift */; };
		39620D1C28EF93DA00DE47B9 /* GitPracUITestsLaunchTests.swift in Sources */ = {isa = PBXBuildFile; fileRef = 39620D1B28EF93DA00DE47B9 /* GitPracUITestsLaunchTests.swift */; };
/* End PBXBuildFile section */

/* Begin PBXContainerItemProxy section */
		39620D0C28EF93DA00DE47B9 /* PBXContainerItemProxy */ = {
			isa = PBXContainerItemProxy;
			containerPortal = 39620CED28EF93D600DE47B9 /* Project object */;
			proxyType = 1;
			remoteGlobalIDString = 39620CF428EF93D600DE47B9;
			remoteInfo = GitPrac;
		};
		39620D1628EF93DA00DE47B9 /* PBXContainerItemProxy */ = {
			isa = PBXContainerItemProxy;
			containerPortal = 39620CED28EF93D600DE47B9 /* Project object */;
			proxyType = 1;
			remoteGlobalIDString = 39620CF428EF93D600DE47B9;
			remoteInfo = GitPrac;
		};
/* End PBXContainerItemProxy section */

/* Begin PBXFileReference section */
		39620CF528EF93D600DE47B9 /* GitPrac.app */ = {isa = PBXFileReference; explicitFileType = wrapper.application; includeInIndex = 0; path = GitPrac.app; sourceTree = BUILT_PRODUCTS_DIR; };
		39620CF828EF93D600DE47B9 /* AppDelegate.swift */ = {isa = PBXFileReference; lastKnownFileType = sourcecode.swift; path = AppDelegate.swift; sourceTree = "<group>"; };
		39620CFA28EF93D600DE47B9 /* SceneDelegate.swift */ = {isa = PBXFileReference; lastKnownFileType = sourcecode.swift; path = SceneDelegate.swift; sourceTree = "<group>"; };
		39620CFC28EF93D600DE47B9 /* ViewController.swift */ = {isa = PBXFileReference; lastKnownFileType = sourcecode.swift; path = ViewController.swift; sourceTree = "<group>"; };
		39620CFF28EF93D600DE47B9 /* Base */ = {isa = PBXFileReference; lastKnownFileType = file.storyboard; name = Base; path = Base.lproj/Main.storyboard; sourceTree = "<group>"; };
		39620D0128EF93DA00DE47B9 /* Assets.xcassets */ = {isa = PBXFileReference; lastKnownFileType = folder.assetcatalog; path = Assets.xcassets; sourceTree = "<group>"; };
		39620D0428EF93DA00DE47B9 /* Base */ = {isa = PBXFileReference; lastKnownFileType = file.storyboard; name = Base; path = Base.lproj/LaunchScreen.storyboard; sourceTree = "<group>"; };
		39620D0628EF93DA00DE47B9 /* Info.plist */ = {isa = PBXFileReference; lastKnownFileType = text.plist.xml; path = Info.plist; sourceTree = "<group>"; };
		39620D0B28EF93DA00DE47B9 /* GitPracTests.xctest */ = {isa = PBXFileReference; explicitFileType = wrapper.cfbundle; includeInIndex = 0; path = GitPracTests.xctest; sourceTree = BUILT_PRODUCTS_DIR; };
		39620D0F28EF93DA00DE47B9 /* GitPracTests.swift */ = {isa = PBXFileReference; lastKnownFileType = sourcecode.swift; path = GitPracTests.swift; sourceTree = "<group>"; };
		39620D1528EF93DA00DE47B9 /* GitPracUITests.xctest */ = {isa = PBXFileReference; explicitFileType = wrapper.cfbundle; includeInIndex = 0; path = GitPracUITests.xctest; sourceTree = BUILT_PRODUCTS_DIR; };
		39620D1928EF93DA00DE47B9 /* GitPracUITests.swift */ = {isa = PBXFileReference; lastKnownFileType = sourcecode.swift; path = GitPracUITests.swift; sourceTree = "<group>"; };
		39620D1B28EF93DA00DE47B9 /* GitPracUITestsLaunchTests.swift */ = {isa = PBXFileReference; lastKnownFileType = sourcecode.swift; path = GitPracUITestsLaunchTests.swift; sourceTree = "<group>"; };
/* End PBXFileReference section */

/* Begin PBXFrameworksBuildPhase section */
		39620CF228EF93D600DE47B9 /* Frameworks */ = {
			isa = PBXFrameworksBuildPhase;
			buildActionMask = 2147483647;
			files = (
			);
			runOnlyForDeploymentPostprocessing = 0;
		};
		39620D0828EF93DA00DE47B9 /* Frameworks */ = {
			isa = PBXFrameworksBuildPhase;
			buildActionMask = 2147483647;
			files = (
			);
			runOnlyForDeploymentPostprocessing = 0;
		};
		39620D1228EF93DA00DE47B9 /* Frameworks */ = {
			isa = PBXFrameworksBuildPhase;
			buildActionMask = 2147483647;
			files = (
			);
			runOnlyForDeploymentPostprocessing = 0;
		};
/* End PBXFrameworksBuildPhase section */

/* Begin PBXGroup section */
		39620CEC28EF93D600DE47B9 = {
			isa = PBXGroup;
			children = (
				39620CF728EF93D600DE47B9 /* GitPrac */,
				39620D0E28EF93DA00DE47B9 /* GitPracTests */,
				39620D1828EF93DA00DE47B9 /* GitPracUITests */,
				39620CF628EF93D600DE47B9 /* Products */,
			);
			sourceTree = "<group>";
		};
		39620CF628EF93D600DE47B9 /* Products */ = {
			isa = PBXGroup;
			children = (
				39620CF528EF93D600DE47B9 /* GitPrac.app */,
				39620D0B28EF93DA00DE47B9 /* GitPracTests.xctest */,
				39620D1528EF93DA00DE47B9 /* GitPracUITests.xctest */,
			);
			name = Products;
			sourceTree = "<group>";
		};
		39620CF728EF93D600DE47B9 /* GitPrac */ = {
			isa = PBXGroup;
			children = (
				39620CF828EF93D600DE47B9 /* AppDelegate.swift */,
				39620CFA28EF93D600DE47B9 /* SceneDelegate.swift */,
				39620CFC28EF93D600DE47B9 /* ViewController.swift */,
				39620CFE28EF93D600DE47B9 /* Main.storyboard */,
				39620D0128EF93DA00DE47B9 /* Assets.xcassets */,
				39620D0328EF93DA00DE47B9 /* LaunchScreen.storyboard */,
				39620D0628EF93DA00DE47B9 /* Info.plist */,
			);
			path = GitPrac;
			sourceTree = "<group>";
		};
		39620D0E28EF93DA00DE47B9 /* GitPracTests */ = {
			isa = PBXGroup;
			children = (
				39620D0F28EF93DA00DE47B9 /* GitPracTests.swift */,
			);
			path = GitPracTests;
			sourceTree = "<group>";
		};
		39620D1828EF93DA00DE47B9 /* GitPracUITests */ = {
			isa = PBXGroup;
			children = (
				39620D1928EF93DA00DE47B9 /* GitPracUITests.swift */,
				39620D1B28EF93DA00DE47B9 /* GitPracUITestsLaunchTests.swift */,
			);
			path = GitPracUITests;
			sourceTree = "<group>";
		};
/* End PBXGroup section */

/* Begin PBXNativeTarget section */
		39620CF428EF93D600DE47B9 /* GitPrac */ = {
			isa = PBXNativeTarget;
			buildConfigurationList = 39620D1F28EF93DA00DE47B9 /* Build configuration list for PBXNativeTarget "GitPrac" */;
			buildPhases = (
				39620CF128EF93D600DE47B9 /* Sources */,
				39620CF228EF93D600DE47B9 /* Frameworks */,
				39620CF328EF93D600DE47B9 /* Resources */,
			);
			buildRules = (
			);
			dependencies = (
			);
			name = GitPrac;
			productName = GitPrac;
			productReference = 39620CF528EF93D600DE47B9 /* GitPrac.app */;
			productType = "com.apple.product-type.application";
		};
		39620D0A28EF93DA00DE47B9 /* GitPracTests */ = {
			isa = PBXNativeTarget;
			buildConfigurationList = 39620D2228EF93DA00DE47B9 /* Build configuration list for PBXNativeTarget "GitPracTests" */;
			buildPhases = (
				39620D0728EF93DA00DE47B9 /* Sources */,
				39620D0828EF93DA00DE47B9 /* Frameworks */,
				39620D0928EF93DA00DE47B9 /* Resources */,
			);
			buildRules = (
			);
			dependencies = (
				39620D0D28EF93DA00DE47B9 /* PBXTargetDependency */,
			);
			name = GitPracTests;
			productName = GitPracTests;
			productReference = 39620D0B28EF93DA00DE47B9 /* GitPracTests.xctest */;
			productType = "com.apple.product-type.bundle.unit-test";
		};
		39620D1428EF93DA00DE47B9 /* GitPracUITests */ = {
			isa = PBXNativeTarget;
			buildConfigurationList = 39620D2528EF93DA00DE47B9 /* Build configuration list for PBXNativeTarget "GitPracUITests" */;
			buildPhases = (
				39620D1128EF93DA00DE47B9 /* Sources */,
				39620D1228EF93DA00DE47B9 /* Frameworks */,
				39620D1328EF93DA00DE47B9 /* Resources */,
			);
			buildRules = (
			);
			dependencies = (
				39620D1728EF93DA00DE47B9 /* PBXTargetDependency */,
			);
			name = GitPracUITests;
			productName = GitPracUITests;
			productReference = 39620D1528EF93DA00DE47B9 /* GitPracUITests.xctest */;
			productType = "com.apple.product-type.bundle.ui-testing";
		};
/* End PBXNativeTarget section */

/* Begin PBXProject section */
		39620CED28EF93D600DE47B9 /* Project object */ = {
			isa = PBXProject;
			attributes = {
				BuildIndependentTargetsInParallel = 1;
				LastSwiftUpdateCheck = 1400;
				LastUpgradeCheck = 1400;
				TargetAttributes = {
					39620CF428EF93D600DE47B9 = {
						CreatedOnToolsVersion = 14.0.1;
					};
					39620D0A28EF93DA00DE47B9 = {
						CreatedOnToolsVersion = 14.0.1;
						TestTargetID = 39620CF428EF93D600DE47B9;
					};
					39620D1428EF93DA00DE47B9 = {
						CreatedOnToolsVersion = 14.0.1;
						TestTargetID = 39620CF428EF93D600DE47B9;
					};
				};
			};
			buildConfigurationList = 39620CF028EF93D600DE47B9 /* Build configuration list for PBXProject "GitPrac" */;
			compatibilityVersion = "Xcode 14.0";
			developmentRegion = en;
			hasScannedForEncodings = 0;
			knownRegions = (
				en,
				Base,
			);
			mainGroup = 39620CEC28EF93D600DE47B9;
			productRefGroup = 39620CF628EF93D600DE47B9 /* Products */;
			projectDirPath = "";
			projectRoot = "";
			targets = (
				39620CF428EF93D600DE47B9 /* GitPrac */,
				39620D0A28EF93DA00DE47B9 /* GitPracTests */,
				39620D1428EF93DA00DE47B9 /* GitPracUITests */,
			);
		};
/* End PBXProject section */

/* Begin PBXResourcesBuildPhase section */
		39620CF328EF93D600DE47B9 /* Resources */ = {
			isa = PBXResourcesBuildPhase;
			buildActionMask = 2147483647;
			files = (
				39620D0528EF93DA00DE47B9 /* LaunchScreen.storyboard in Resources */,
				39620D0228EF93DA00DE47B9 /* Assets.xcassets in Resources */,
				39620D0028EF93D600DE47B9 /* Main.storyboard in Resources */,
			);
			runOnlyForDeploymentPostprocessing = 0;
		};
		39620D0928EF93DA00DE47B9 /* Resources */ = {
			isa = PBXResourcesBuildPhase;
			buildActionMask = 2147483647;
			files = (
			);
			runOnlyForDeploymentPostprocessing = 0;
		};
		39620D1328EF93DA00DE47B9 /* Resources */ = {
			isa = PBXResourcesBuildPhase;
			buildActionMask = 2147483647;
			files = (
			);
			runOnlyForDeploymentPostprocessing = 0;
		};
/* End PBXResourcesBuildPhase section */

/* Begin PBXSourcesBuildPhase section */
		39620CF128EF93D600DE47B9 /* Sources */ = {
			isa = PBXSourcesBuildPhase;
			buildActionMask = 2147483647;
			files = (
				39620CFD28EF93D600DE47B9 /* ViewController.swift in Sources */,
				39620CF928EF93D600DE47B9 /* AppDelegate.swift in Sources */,
				39620CFB28EF93D600DE47B9 /* SceneDelegate.swift in Sources */,
			);
			runOnlyForDeploymentPostprocessing = 0;
		};
		39620D0728EF93DA00DE47B9 /* Sources */ = {
			isa = PBXSourcesBuildPhase;
			buildActionMask = 2147483647;
			files = (
				39620D1028EF93DA00DE47B9 /* GitPracTests.swift in Sources */,
			);
			runOnlyForDeploymentPostprocessing = 0;
		};
		39620D1128EF93DA00DE47B9 /* Sources */ = {
			isa = PBXSourcesBuildPhase;
			buildActionMask = 2147483647;
			files = (
				39620D1A28EF93DA00DE47B9 /* GitPracUITests.swift in Sources */,
				39620D1C28EF93DA00DE47B9 /* GitPracUITestsLaunchTests.swift in Sources */,
			);
			runOnlyForDeploymentPostprocessing = 0;
		};
/* End PBXSourcesBuildPhase section */

/* Begin PBXTargetDependency section */
		39620D0D28EF93DA00DE47B9 /* PBXTargetDependency */ = {
			isa = PBXTargetDependency;
			target = 39620CF428EF93D600DE47B9 /* GitPrac */;
			targetProxy = 39620D0C28EF93DA00DE47B9 /* PBXContainerItemProxy */;
		};
		39620D1728EF93DA00DE47B9 /* PBXTargetDependency */ = {
			isa = PBXTargetDependency;
			target = 39620CF428EF93D600DE47B9 /* GitPrac */;
			targetProxy = 39620D1628EF93DA00DE47B9 /* PBXContainerItemProxy */;
		};
/* End PBXTargetDependency section */

/* Begin PBXVariantGroup section */
		39620CFE28EF93D600DE47B9 /* Main.storyboard */ = {
			isa = PBXVariantGroup;
			children = (
				39620CFF28EF93D600DE47B9 /* Base */,
			);
			name = Main.storyboard;
			sourceTree = "<group>";
		};
		39620D0328EF93DA00DE47B9 /* LaunchScreen.storyboard */ = {
			isa = PBXVariantGroup;
			children = (
				39620D0428EF93DA00DE47B9 /* Base */,
			);
			name = LaunchScreen.storyboard;
			sourceTree = "<group>";
		};
/* End PBXVariantGroup section */

/* Begin XCBuildConfiguration section */
		39620D1D28EF93DA00DE47B9 /* Debug */ = {
			isa = XCBuildConfiguration;
			buildSettings = {
				ALWAYS_SEARCH_USER_PATHS = NO;
				CLANG_ANALYZER_NONNULL = YES;
				CLANG_ANALYZER_NUMBER_OBJECT_CONVERSION = YES_AGGRESSIVE;
				CLANG_CXX_LANGUAGE_STANDARD = "gnu++20";
				CLANG_ENABLE_MODULES = YES;
				CLANG_ENABLE_OBJC_ARC = YES;
				CLANG_ENABLE_OBJC_WEAK = YES;
				CLANG_WARN_BLOCK_CAPTURE_AUTORELEASING = YES;
				CLANG_WARN_BOOL_CONVERSION = YES;
				CLANG_WARN_COMMA = YES;
				CLANG_WARN_CONSTANT_CONVERSION = YES;
				CLANG_WARN_DEPRECATED_OBJC_IMPLEMENTATIONS = YES;
				CLANG_WARN_DIRECT_OBJC_ISA_USAGE = YES_ERROR;
				CLANG_WARN_DOCUMENTATION_COMMENTS = YES;
				CLANG_WARN_EMPTY_BODY = YES;
				CLANG_WARN_ENUM_CONVERSION = YES;
				CLANG_WARN_INFINITE_RECURSION = YES;
				CLANG_WARN_INT_CONVERSION = YES;
				CLANG_WARN_NON_LITERAL_NULL_CONVERSION = YES;
				CLANG_WARN_OBJC_IMPLICIT_RETAIN_SELF = YES;
				CLANG_WARN_OBJC_LITERAL_CONVERSION = YES;
				CLANG_WARN_OBJC_ROOT_CLASS = YES_ERROR;
				CLANG_WARN_QUOTED_INCLUDE_IN_FRAMEWORK_HEADER = YES;
				CLANG_WARN_RANGE_LOOP_ANALYSIS = YES;
				CLANG_WARN_STRICT_PROTOTYPES = YES;
				CLANG_WARN_SUSPICIOUS_MOVE = YES;
				CLANG_WARN_UNGUARDED_AVAILABILITY = YES_AGGRESSIVE;
				CLANG_WARN_UNREACHABLE_CODE = YES;
				CLANG_WARN__DUPLICATE_METHOD_MATCH = YES;
				COPY_PHASE_STRIP = NO;
				DEBUG_INFORMATION_FORMAT = dwarf;
				ENABLE_STRICT_OBJC_MSGSEND = YES;
				ENABLE_TESTABILITY = YES;
				GCC_C_LANGUAGE_STANDARD = gnu11;
				GCC_DYNAMIC_NO_PIC = NO;
				GCC_NO_COMMON_BLOCKS = YES;
				GCC_OPTIMIZATION_LEVEL = 0;
				GCC_PREPROCESSOR_DEFINITIONS = (
					"DEBUG=1",
					"$(inherited)",
				);
				GCC_WARN_64_TO_32_BIT_CONVERSION = YES;
				GCC_WARN_ABOUT_RETURN_TYPE = YES_ERROR;
				GCC_WARN_UNDECLARED_SELECTOR = YES;
				GCC_WARN_UNINITIALIZED_AUTOS = YES_AGGRESSIVE;
				GCC_WARN_UNUSED_FUNCTION = YES;
				GCC_WARN_UNUSED_VARIABLE = YES;
				IPHONEOS_DEPLOYMENT_TARGET = 16.0;
				MTL_ENABLE_DEBUG_INFO = INCLUDE_SOURCE;
				MTL_FAST_MATH = YES;
				ONLY_ACTIVE_ARCH = YES;
				SDKROOT = iphoneos;
				SWIFT_ACTIVE_COMPILATION_CONDITIONS = DEBUG;
				SWIFT_OPTIMIZATION_LEVEL = "-Onone";
			};
			name = Debug;
		};
		39620D1E28EF93DA00DE47B9 /* Release */ = {
			isa = XCBuildConfiguration;
			buildSettings = {
				ALWAYS_SEARCH_USER_PATHS = NO;
				CLANG_ANALYZER_NONNULL = YES;
				CLANG_ANALYZER_NUMBER_OBJECT_CONVERSION = YES_AGGRESSIVE;
				CLANG_CXX_LANGUAGE_STANDARD = "gnu++20";
				CLANG_ENABLE_MODULES = YES;
				CLANG_ENABLE_OBJC_ARC = YES;
				CLANG_ENABLE_OBJC_WEAK = YES;
				CLANG_WARN_BLOCK_CAPTURE_AUTORELEASING = YES;
				CLANG_WARN_BOOL_CONVERSION = YES;
				CLANG_WARN_COMMA = YES;
				CLANG_WARN_CONSTANT_CONVERSION = YES;
				CLANG_WARN_DEPRECATED_OBJC_IMPLEMENTATIONS = YES;
				CLANG_WARN_DIRECT_OBJC_ISA_USAGE = YES_ERROR;
				CLANG_WARN_DOCUMENTATION_COMMENTS = YES;
				CLANG_WARN_EMPTY_BODY = YES;
				CLANG_WARN_ENUM_CONVERSION = YES;
				CLANG_WARN_INFINITE_RECURSION = YES;
				CLANG_WARN_INT_CONVERSION = YES;
				CLANG_WARN_NON_LITERAL_NULL_CONVERSION = YES;
				CLANG_WARN_OBJC_IMPLICIT_RETAIN_SELF = YES;
				CLANG_WARN_OBJC_LITERAL_CONVERSION = YES;
				CLANG_WARN_OBJC_ROOT_CLASS = YES_ERROR;
				CLANG_WARN_QUOTED_INCLUDE_IN_FRAMEWORK_HEADER = YES;
				CLANG_WARN_RANGE_LOOP_ANALYSIS = YES;
				CLANG_WARN_STRICT_PROTOTYPES = YES;
				CLANG_WARN_SUSPICIOUS_MOVE = YES;
				CLANG_WARN_UNGUARDED_AVAILABILITY = YES_AGGRESSIVE;
				CLANG_WARN_UNREACHABLE_CODE = YES;
				CLANG_WARN__DUPLICATE_METHOD_MATCH = YES;
				COPY_PHASE_STRIP = NO;
				DEBUG_INFORMATION_FORMAT = "dwarf-with-dsym";
				ENABLE_NS_ASSERTIONS = NO;
				ENABLE_STRICT_OBJC_MSGSEND = YES;
				GCC_C_LANGUAGE_STANDARD = gnu11;
				GCC_NO_COMMON_BLOCKS = YES;
				GCC_WARN_64_TO_32_BIT_CONVERSION = YES;
				GCC_WARN_ABOUT_RETURN_TYPE = YES_ERROR;
				GCC_WARN_UNDECLARED_SELECTOR = YES;
				GCC_WARN_UNINITIALIZED_AUTOS = YES_AGGRESSIVE;
				GCC_WARN_UNUSED_FUNCTION = YES;
				GCC_WARN_UNUSED_VARIABLE = YES;
				IPHONEOS_DEPLOYMENT_TARGET = 16.0;
				MTL_ENABLE_DEBUG_INFO = NO;
				MTL_FAST_MATH = YES;
				SDKROOT = iphoneos;
				SWIFT_COMPILATION_MODE = wholemodule;
				SWIFT_OPTIMIZATION_LEVEL = "-O";
				VALIDATE_PRODUCT = YES;
			};
			name = Release;
		};
		39620D2028EF93DA00DE47B9 /* Debug */ = {
			isa = XCBuildConfiguration;
			buildSettings = {
				ASSETCATALOG_COMPILER_APPICON_NAME = AppIcon;
				ASSETCATALOG_COMPILER_GLOBAL_ACCENT_COLOR_NAME = AccentColor;
				CODE_SIGN_STYLE = Automatic;
				CURRENT_PROJECT_VERSION = 1;
				GENERATE_INFOPLIST_FILE = YES;
				INFOPLIST_FILE = GitPrac/Info.plist;
				INFOPLIST_KEY_UIApplicationSupportsIndirectInputEvents = YES;
				INFOPLIST_KEY_UILaunchStoryboardName = LaunchScreen;
				INFOPLIST_KEY_UIMainStoryboardFile = Main;
				INFOPLIST_KEY_UISupportedInterfaceOrientations_iPad = "UIInterfaceOrientationPortrait UIInterfaceOrientationPortraitUpsideDown UIInterfaceOrientationLandscapeLeft UIInterfaceOrientationLandscapeRight";
				INFOPLIST_KEY_UISupportedInterfaceOrientations_iPhone = "UIInterfaceOrientationPortrait UIInterfaceOrientationLandscapeLeft UIInterfaceOrientationLandscapeRight";
				LD_RUNPATH_SEARCH_PATHS = (
					"$(inherited)",
					"@executable_path/Frameworks",
				);
				MARKETING_VERSION = 1.0;
				PRODUCT_BUNDLE_IDENTIFIER = "Self-practice.GitPrac";
				PRODUCT_NAME = "$(TARGET_NAME)";
				SWIFT_EMIT_LOC_STRINGS = YES;
				SWIFT_VERSION = 5.0;
				TARGETED_DEVICE_FAMILY = "1,2";
			};
			name = Debug;
		};
		39620D2128EF93DA00DE47B9 /* Release */ = {
			isa = XCBuildConfiguration;
			buildSettings = {
				ASSETCATALOG_COMPILER_APPICON_NAME = AppIcon;
				ASSETCATALOG_COMPILER_GLOBAL_ACCENT_COLOR_NAME = AccentColor;
				CODE_SIGN_STYLE = Automatic;
				CURRENT_PROJECT_VERSION = 1;
				GENERATE_INFOPLIST_FILE = YES;
				INFOPLIST_FILE = GitPrac/Info.plist;
				INFOPLIST_KEY_UIApplicationSupportsIndirectInputEvents = YES;
				INFOPLIST_KEY_UILaunchStoryboardName = LaunchScreen;
				INFOPLIST_KEY_UIMainStoryboardFile = Main;
				INFOPLIST_KEY_UISupportedInterfaceOrientations_iPad = "UIInterfaceOrientationPortrait UIInterfaceOrientationPortraitUpsideDown UIInterfaceOrientationLandscapeLeft UIInterfaceOrientationLandscapeRight";
				INFOPLIST_KEY_UISupportedInterfaceOrientations_iPhone = "UIInterfaceOrientationPortrait UIInterfaceOrientationLandscapeLeft UIInterfaceOrientationLandscapeRight";
				LD_RUNPATH_SEARCH_PATHS = (
					"$(inherited)",
					"@executable_path/Frameworks",
				);
				MARKETING_VERSION = 1.0;
				PRODUCT_BUNDLE_IDENTIFIER = "Self-practice.GitPrac";
				PRODUCT_NAME = "$(TARGET_NAME)";
				SWIFT_EMIT_LOC_STRINGS = YES;
				SWIFT_VERSION = 5.0;
				TARGETED_DEVICE_FAMILY = "1,2";
			};
			name = Release;
		};
		39620D2328EF93DA00DE47B9 /* Debug */ = {
			isa = XCBuildConfiguration;
			buildSettings = {
				ALWAYS_EMBED_SWIFT_STANDARD_LIBRARIES = YES;
				BUNDLE_LOADER = "$(TEST_HOST)";
				CODE_SIGN_STYLE = Automatic;
				CURRENT_PROJECT_VERSION = 1;
				GENERATE_INFOPLIST_FILE = YES;
				IPHONEOS_DEPLOYMENT_TARGET = 16.0;
				MARKETING_VERSION = 1.0;
				PRODUCT_BUNDLE_IDENTIFIER = "Self-practice.GitPracTests";
				PRODUCT_NAME = "$(TARGET_NAME)";
				SWIFT_EMIT_LOC_STRINGS = NO;
				SWIFT_VERSION = 5.0;
				TARGETED_DEVICE_FAMILY = "1,2";
				TEST_HOST = "$(BUILT_PRODUCTS_DIR)/GitPrac.app/$(BUNDLE_EXECUTABLE_FOLDER_PATH)/GitPrac";
			};
			name = Debug;
		};
		39620D2428EF93DA00DE47B9 /* Release */ = {
			isa = XCBuildConfiguration;
			buildSettings = {
				ALWAYS_EMBED_SWIFT_STANDARD_LIBRARIES = YES;
				BUNDLE_LOADER = "$(TEST_HOST)";
				CODE_SIGN_STYLE = Automatic;
				CURRENT_PROJECT_VERSION = 1;
				GENERATE_INFOPLIST_FILE = YES;
				IPHONEOS_DEPLOYMENT_TARGET = 16.0;
				MARKETING_VERSION = 1.0;
				PRODUCT_BUNDLE_IDENTIFIER = "Self-practice.GitPracTests";
				PRODUCT_NAME = "$(TARGET_NAME)";
				SWIFT_EMIT_LOC_STRINGS = NO;
				SWIFT_VERSION = 5.0;
				TARGETED_DEVICE_FAMILY = "1,2";
				TEST_HOST = "$(BUILT_PRODUCTS_DIR)/GitPrac.app/$(BUNDLE_EXECUTABLE_FOLDER_PATH)/GitPrac";
			};
			name = Release;
		};
		39620D2628EF93DA00DE47B9 /* Debug */ = {
			isa = XCBuildConfiguration;
			buildSettings = {
				ALWAYS_EMBED_SWIFT_STANDARD_LIBRARIES = YES;
				CODE_SIGN_STYLE = Automatic;
				CURRENT_PROJECT_VERSION = 1;
				GENERATE_INFOPLIST_FILE = YES;
				MARKETING_VERSION = 1.0;
				PRODUCT_BUNDLE_IDENTIFIER = "Self-practice.GitPracUITests";
				PRODUCT_NAME = "$(TARGET_NAME)";
				SWIFT_EMIT_LOC_STRINGS = NO;
				SWIFT_VERSION = 5.0;
				TARGETED_DEVICE_FAMILY = "1,2";
				TEST_TARGET_NAME = GitPrac;
			};
			name = Debug;
		};
		39620D2728EF93DA00DE47B9 /* Release */ = {
			isa = XCBuildConfiguration;
			buildSettings = {
				ALWAYS_EMBED_SWIFT_STANDARD_LIBRARIES = YES;
				CODE_SIGN_STYLE = Automatic;
				CURRENT_PROJECT_VERSION = 1;
				GENERATE_INFOPLIST_FILE = YES;
				MARKETING_VERSION = 1.0;
				PRODUCT_BUNDLE_IDENTIFIER = "Self-practice.GitPracUITests";
				PRODUCT_NAME = "$(TARGET_NAME)";
				SWIFT_EMIT_LOC_STRINGS = NO;
				SWIFT_VERSION = 5.0;
				TARGETED_DEVICE_FAMILY = "1,2";
				TEST_TARGET_NAME = GitPrac;
			};
			name = Release;
		};
/* End XCBuildConfiguration section */

/* Begin XCConfigurationList section */
		39620CF028EF93D600DE47B9 /* Build configuration list for PBXProject "GitPrac" */ = {
			isa = XCConfigurationList;
			buildConfigurations = (
				39620D1D28EF93DA00DE47B9 /* Debug */,
				39620D1E28EF93DA00DE47B9 /* Release */,
			);
			defaultConfigurationIsVisible = 0;
			defaultConfigurationName = Release;
		};
		39620D1F28EF93DA00DE47B9 /* Build configuration list for PBXNativeTarget "GitPrac" */ = {
			isa = XCConfigurationList;
			buildConfigurations = (
				39620D2028EF93DA00DE47B9 /* Debug */,
				39620D2128EF93DA00DE47B9 /* Release */,
			);
			defaultConfigurationIsVisible = 0;
			defaultConfigurationName = Release;
		};
		39620D2228EF93DA00DE47B9 /* Build configuration list for PBXNativeTarget "GitPracTests" */ = {
			isa = XCConfigurationList;
			buildConfigurations = (
				39620D2328EF93DA00DE47B9 /* Debug */,
				39620D2428EF93DA00DE47B9 /* Release */,
			);
			defaultConfigurationIsVisible = 0;
			defaultConfigurationName = Release;
		};
		39620D2528EF93DA00DE47B9 /* Build configuration list for PBXNativeTarget "GitPracUITests" */ = {
			isa = XCConfigurationList;
			buildConfigurations = (
				39620D2628EF93DA00DE47B9 /* Debug */,
				39620D2728EF93DA00DE47B9 /* Release */,
			);
			defaultConfigurationIsVisible = 0;
			defaultConfigurationName = Release;
		};
/* End XCConfigurationList section */
	};
	rootObject = 39620CED28EF93D600DE47B9 /* Project object */;
}
